
Microsoft Visual Studio Solution File, Format Version 12.00
# Visual Studio 14
VisualStudioVersion = 14.0.25420.1
MinimumVisualStudioVersion = 10.0.40219.1
Project("{FAE04EC0-301F-11D3-BF4B-00C04F79EFBC}") = "FacebookNotificationController", "FacebookNotificationController\FacebookNotificationController.csproj", "{40B2D880-16A2-45A3-B3C6-36965E05C8C0}"
EndProject
Project("{FAE04EC0-301F-11D3-BF4B-00C04F79EFBC}") = "FacebookNotificationController.Tests", "FacebookNotificationController.Tests\FacebookNotificationController.Tests.csproj", "{B447078F-3C4D-4534-9ED9-87E2BC68E8B9}"
EndProject
Project("{FAE04EC0-301F-11D3-BF4B-00C04F79EFBC}") = "Model", "Model\Model.csproj", "{8AFB4D12-4147-4283-937D-3A790B762E94}"
EndProject
Project("{FAE04EC0-301F-11D3-BF4B-00C04F79EFBC}") = "DataContract", "DataContract\DataContract.csproj", "{F95DF20F-277E-4FB4-86AF-67CB21AC74E3}"
EndProject
Project("{FAE04EC0-301F-11D3-BF4B-00C04F79EFBC}") = "BussinessLogic", "BussinessLogic\BussinessLogic.csproj", "{4CD1CDA8-0D3E-4FE0-BF2A-B2B26F1D4ED9}"
EndProject
Project("{FAE04EC0-301F-11D3-BF4B-00C04F79EFBC}") = "DataAccessLayer", "DataAccessLayer\DataAccessLayer.csproj", "{F077EA51-337A-4F88-800A-91D99C86366C}"
EndProject
Project("{FAE04EC0-301F-11D3-BF4B-00C04F79EFBC}") = "ObjectTranslator", "ObjectTranslator\ObjectTranslator.csproj", "{ECDFDAF5-E422-42D1-9142-4130E8ACDBEB}"
EndProject
Project("{FAE04EC0-301F-11D3-BF4B-00C04F79EFBC}") = "ServiceLayer", "ServiceLayer\ServiceLayer.csproj", "{0F7C2C6E-FF05-4D4E-8A84-C096D25EE9E8}"
EndProject
Project("{2150E333-8FDC-42A3-9474-1A3956D46DE8}") = "Tests", "Tests", "{A0F46C42-38C9-4706-A368-ACD8C79B676D}"
EndProject
Project("{FAE04EC0-301F-11D3-BF4B-00C04F79EFBC}") = "DataAccessLayer.Fixture", "DataAccessLayer.Fixture\DataAccessLayer.Fixture.csproj", "{1483D6F8-E127-401A-B8D9-9E70067E448C}"
EndProject
Project("{FAE04EC0-301F-11D3-BF4B-00C04F79EFBC}") = "FacbookNotificationFixture", "TranslatorTest\FacbookNotificationFixture.csproj", "{39B4D4CF-C961-4E34-B92C-55D29018BE50}"
EndProject
Project("{FAE04EC0-301F-11D3-BF4B-00C04F79EFBC}") = "NotificationAdaptor", "NotificationAdaptor\NotificationAdaptor.csproj", "{81E4EF3E-B1B1-499E-B9E1-78C4DD0F73F3}"
EndProject
Global
	GlobalSection(SolutionConfigurationPlatforms) = preSolution
		Debug|Any CPU = Debug|Any CPU
		Release|Any CPU = Release|Any CPU
	EndGlobalSection
	GlobalSection(ProjectConfigurationPlatforms) = postSolution
		{40B2D880-16A2-45A3-B3C6-36965E05C8C0}.Debug|Any CPU.ActiveCfg = Debug|Any CPU
		{40B2D880-16A2-45A3-B3C6-36965E05C8C0}.Debug|Any CPU.Build.0 = Debug|Any CPU
		{40B2D880-16A2-45A3-B3C6-36965E05C8C0}.Release|Any CPU.ActiveCfg = Release|Any CPU
		{40B2D880-16A2-45A3-B3C6-36965E05C8C0}.Release|Any CPU.Build.0 = Release|Any CPU
		{B447078F-3C4D-4534-9ED9-87E2BC68E8B9}.Debug|Any CPU.ActiveCfg = Debug|Any CPU
		{B447078F-3C4D-4534-9ED9-87E2BC68E8B9}.Debug|Any CPU.Build.0 = Debug|Any CPU
		{B447078F-3C4D-4534-9ED9-87E2BC68E8B9}.Release|Any CPU.ActiveCfg = Release|Any CPU
		{B447078F-3C4D-4534-9ED9-87E2BC68E8B9}.Release|Any CPU.Build.0 = Release|Any CPU
		{8AFB4D12-4147-4283-937D-3A790B762E94}.Debug|Any CPU.ActiveCfg = Debug|Any CPU
		{8AFB4D12-4147-4283-937D-3A790B762E94}.Debug|Any CPU.Build.0 = Debug|Any CPU
		{8AFB4D12-4147-4283-937D-3A790B762E94}.Release|Any CPU.ActiveCfg = Release|Any CPU
		{8AFB4D12-4147-4283-937D-3A790B762E94}.Release|Any CPU.Build.0 = Release|Any CPU
		{F95DF20F-277E-4FB4-86AF-67CB21AC74E3}.Debug|Any CPU.ActiveCfg = Debug|Any CPU
		{F95DF20F-277E-4FB4-86AF-67CB21AC74E3}.Debug|Any CPU.Build.0 = Debug|Any CPU
		{F95DF20F-277E-4FB4-86AF-67CB21AC74E3}.Release|Any CPU.ActiveCfg = Release|Any CPU
		{F95DF20F-277E-4FB4-86AF-67CB21AC74E3}.Release|Any CPU.Build.0 = Release|Any CPU
		{4CD1CDA8-0D3E-4FE0-BF2A-B2B26F1D4ED9}.Debug|Any CPU.ActiveCfg = Debug|Any CPU
		{4CD1CDA8-0D3E-4FE0-BF2A-B2B26F1D4ED9}.Debug|Any CPU.Build.0 = Debug|Any CPU
		{4CD1CDA8-0D3E-4FE0-BF2A-B2B26F1D4ED9}.Release|Any CPU.ActiveCfg = Release|Any CPU
		{4CD1CDA8-0D3E-4FE0-BF2A-B2B26F1D4ED9}.Release|Any CPU.Build.0 = Release|Any CPU
		{F077EA51-337A-4F88-800A-91D99C86366C}.Debug|Any CPU.ActiveCfg = Debug|Any CPU
		{F077EA51-337A-4F88-800A-91D99C86366C}.Debug|Any CPU.Build.0 = Debug|Any CPU
		{F077EA51-337A-4F88-800A-91D99C86366C}.Release|Any CPU.ActiveCfg = Release|Any CPU
		{F077EA51-337A-4F88-800A-91D99C86366C}.Release|Any CPU.Build.0 = Release|Any CPU
		{ECDFDAF5-E422-42D1-9142-4130E8ACDBEB}.Debug|Any CPU.ActiveCfg = Debug|Any CPU
		{ECDFDAF5-E422-42D1-9142-4130E8ACDBEB}.Debug|Any CPU.Build.0 = Debug|Any CPU
		{ECDFDAF5-E422-42D1-9142-4130E8ACDBEB}.Release|Any CPU.ActiveCfg = Release|Any CPU
		{ECDFDAF5-E422-42D1-9142-4130E8ACDBEB}.Release|Any CPU.Build.0 = Release|Any CPU
		{0F7C2C6E-FF05-4D4E-8A84-C096D25EE9E8}.Debug|Any CPU.ActiveCfg = Debug|Any CPU
		{0F7C2C6E-FF05-4D4E-8A84-C096D25EE9E8}.Debug|Any CPU.Build.0 = Debug|Any CPU
		{0F7C2C6E-FF05-4D4E-8A84-C096D25EE9E8}.Release|Any CPU.ActiveCfg = Release|Any CPU
		{0F7C2C6E-FF05-4D4E-8A84-C096D25EE9E8}.Release|Any CPU.Build.0 = Release|Any CPU
		{1483D6F8-E127-401A-B8D9-9E70067E448C}.Debug|Any CPU.ActiveCfg = Debug|Any CPU
		{1483D6F8-E127-401A-B8D9-9E70067E448C}.Debug|Any CPU.Build.0 = Debug|Any CPU
		{1483D6F8-E127-401A-B8D9-9E70067E448C}.Release|Any CPU.ActiveCfg = Release|Any CPU
		{1483D6F8-E127-401A-B8D9-9E70067E448C}.Release|Any CPU.Build.0 = Release|Any CPU
		{39B4D4CF-C961-4E34-B92C-55D29018BE50}.Debug|Any CPU.ActiveCfg = Debug|Any CPU
		{39B4D4CF-C961-4E34-B92C-55D29018BE50}.Debug|Any CPU.Build.0 = Debug|Any CPU
		{39B4D4CF-C961-4E34-B92C-55D29018BE50}.Release|Any CPU.ActiveCfg = Release|Any CPU
		{39B4D4CF-C961-4E34-B92C-55D29018BE50}.Release|Any CPU.Build.0 = Release|Any CPU
		{81E4EF3E-B1B1-499E-B9E1-78C4DD0F73F3}.Debug|Any CPU.ActiveCfg = Debug|Any CPU
		{81E4EF3E-B1B1-499E-B9E1-78C4DD0F73F3}.Debug|Any CPU.Build.0 = Debug|Any CPU
		{81E4EF3E-B1B1-499E-B9E1-78C4DD0F73F3}.Release|Any CPU.ActiveCfg = Release|Any CPU
		{81E4EF3E-B1B1-499E-B9E1-78C4DD0F73F3}.Release|Any CPU.Build.0 = Release|Any CPU
	EndGlobalSection
	GlobalSection(SolutionProperties) = preSolution
		HideSolutionNode = FALSE
	EndGlobalSection
	GlobalSection(NestedProjects) = preSolution
		{B447078F-3C4D-4534-9ED9-87E2BC68E8B9} = {A0F46C42-38C9-4706-A368-ACD8C79B676D}
		{1483D6F8-E127-401A-B8D9-9E70067E448C} = {A0F46C42-38C9-4706-A368-ACD8C79B676D}
		{39B4D4CF-C961-4E34-B92C-55D29018BE50} = {A0F46C42-38C9-4706-A368-ACD8C79B676D}
	EndGlobalSection
EndGlobal
